{
  "version": 4,
  "terraform_version": "1.9.2",
  "serial": 14,
  "lineage": "bddba2a2-a486-8e36-a45e-a6b4f401dc40",
  "outputs": {
    "bucket_self_link": {
      "value": "https://www.googleapis.com/storage/v1/b/amt-storage-ese-hendrick",
      "type": "string"
    },
    "bucket_url": {
      "value": "gs://amt-storage-ese-hendrick",
      "type": "string"
    }
  },
  "resources": [
    {
      "module": "module.cloud_sql_instance",
      "mode": "managed",
      "type": "google_compute_global_address",
      "name": "private_ip_address",
      "provider": "module.cloud_sql_instance.provider[\"registry.terraform.io/hashicorp/google-beta\"]",
      "instances": [
        {
          "schema_version": 0,
          "attributes": {
            "address": "10.87.0.0",
            "address_type": "INTERNAL",
            "creation_timestamp": "2024-07-21T03:36:12.514-07:00",
            "description": "",
            "effective_labels": {},
            "id": "projects/ese-exam-sandbox-acosta-h/global/addresses/private-ip-address",
            "ip_version": "",
            "label_fingerprint": "42WmSpB8rSM=",
            "labels": {},
            "name": "private-ip-address",
            "network": "https://www.googleapis.com/compute/v1/projects/ese-exam-sandbox-acosta-h/global/networks/private-network",
            "prefix_length": 16,
            "project": "ese-exam-sandbox-acosta-h",
            "purpose": "VPC_PEERING",
            "self_link": "https://www.googleapis.com/compute/v1/projects/ese-exam-sandbox-acosta-h/global/addresses/private-ip-address",
            "terraform_labels": {},
            "timeouts": null
          },
          "sensitive_attributes": [],
          "private": "eyJlMmJmYjczMC1lY2FhLTExZTYtOGY4OC0zNDM2M2JjN2M0YzAiOnsiY3JlYXRlIjoxMjAwMDAwMDAwMDAwLCJkZWxldGUiOjEyMDAwMDAwMDAwMDAsInVwZGF0ZSI6MTIwMDAwMDAwMDAwMH19",
          "dependencies": [
            "module.cloud_sql_instance.google_compute_network.private_network"
          ]
        }
      ]
    },
    {
      "module": "module.cloud_sql_instance",
      "mode": "managed",
      "type": "google_compute_network",
      "name": "private_network",
      "provider": "module.cloud_sql_instance.provider[\"registry.terraform.io/hashicorp/google-beta\"]",
      "instances": [
        {
          "schema_version": 0,
          "attributes": {
            "auto_create_subnetworks": true,
            "delete_default_routes_on_create": false,
            "description": "",
            "enable_ula_internal_ipv6": false,
            "gateway_ipv4": "",
            "id": "projects/ese-exam-sandbox-acosta-h/global/networks/private-network",
            "internal_ipv6_range": "",
            "mtu": 0,
            "name": "private-network",
            "network_firewall_policy_enforcement_order": "AFTER_CLASSIC_FIREWALL",
            "numeric_id": "4776916153583884939",
            "project": "ese-exam-sandbox-acosta-h",
            "routing_mode": "REGIONAL",
            "self_link": "https://www.googleapis.com/compute/v1/projects/ese-exam-sandbox-acosta-h/global/networks/private-network",
            "timeouts": null
          },
          "sensitive_attributes": [],
          "private": "eyJlMmJmYjczMC1lY2FhLTExZTYtOGY4OC0zNDM2M2JjN2M0YzAiOnsiY3JlYXRlIjoxMjAwMDAwMDAwMDAwLCJkZWxldGUiOjEyMDAwMDAwMDAwMDAsInVwZGF0ZSI6MTIwMDAwMDAwMDAwMH19"
        }
      ]
    },
    {
      "module": "module.cloud_sql_instance",
      "mode": "managed",
      "type": "google_service_networking_connection",
      "name": "private_vpc_connection",
      "provider": "module.cloud_sql_instance.provider[\"registry.terraform.io/hashicorp/google-beta\"]",
      "instances": [
        {
          "schema_version": 0,
          "attributes": {
            "deletion_policy": null,
            "id": "projects%2Fese-exam-sandbox-acosta-h%2Fglobal%2Fnetworks%2Fprivate-network:servicenetworking.googleapis.com",
            "network": "projects/ese-exam-sandbox-acosta-h/global/networks/private-network",
            "peering": "servicenetworking-googleapis-com",
            "reserved_peering_ranges": [
              "private-ip-address"
            ],
            "service": "servicenetworking.googleapis.com",
            "timeouts": null
          },
          "sensitive_attributes": [],
          "private": "eyJlMmJmYjczMC1lY2FhLTExZTYtOGY4OC0zNDM2M2JjN2M0YzAiOnsiY3JlYXRlIjo2MDAwMDAwMDAwMDAsImRlbGV0ZSI6NjAwMDAwMDAwMDAwLCJ1cGRhdGUiOjYwMDAwMDAwMDAwMH19",
          "dependencies": [
            "module.cloud_sql_instance.google_compute_global_address.private_ip_address",
            "module.cloud_sql_instance.google_compute_network.private_network"
          ]
        }
      ]
    },
    {
      "module": "module.storage_bucket",
      "mode": "managed",
      "type": "google_storage_bucket",
      "name": "bucket",
      "provider": "provider[\"registry.terraform.io/hashicorp/google\"]",
      "instances": [
        {
          "schema_version": 1,
          "attributes": {
            "autoclass": [],
            "cors": [],
            "custom_placement_config": [],
            "default_event_based_hold": false,
            "effective_labels": {
              "environment": "dev"
            },
            "enable_object_retention": false,
            "encryption": [],
            "force_destroy": false,
            "id": "amt-storage-ese-hendrick",
            "labels": {
              "environment": "dev"
            },
            "lifecycle_rule": [],
            "location": "US-CENTRAL1",
            "logging": [],
            "name": "amt-storage-ese-hendrick",
            "project": "ese-exam-sandbox-acosta-h",
            "project_number": 817310057512,
            "public_access_prevention": "inherited",
            "requester_pays": false,
            "retention_policy": [],
            "rpo": null,
            "self_link": "https://www.googleapis.com/storage/v1/b/amt-storage-ese-hendrick",
            "soft_delete_policy": [
              {
                "effective_time": "2024-07-21T10:25:11.108Z",
                "retention_duration_seconds": 604800
              }
            ],
            "storage_class": "STANDARD",
            "terraform_labels": {
              "environment": "dev"
            },
            "timeouts": null,
            "uniform_bucket_level_access": true,
            "url": "gs://amt-storage-ese-hendrick",
            "versioning": [
              {
                "enabled": true
              }
            ],
            "website": []
          },
          "sensitive_attributes": [],
          "private": "eyJlMmJmYjczMC1lY2FhLTExZTYtOGY4OC0zNDM2M2JjN2M0YzAiOnsiY3JlYXRlIjo2MDAwMDAwMDAwMDAsInJlYWQiOjI0MDAwMDAwMDAwMCwidXBkYXRlIjoyNDAwMDAwMDAwMDB9LCJzY2hlbWFfdmVyc2lvbiI6IjEifQ=="
        }
      ]
    }
  ],
  "check_results": null
}
